
Microsoft Visual Studio Solution File, Format Version 12.00
# Visual Studio 15
VisualStudioVersion = 15.0.26430.15
MinimumVisualStudioVersion = 10.0.40219.1
Project("{FAE04EC0-301F-11D3-BF4B-00C04F79EFBC}") = "AreWeAlternate", "AreWeAlternate\AreWeAlternate.csproj", "{22448650-42D4-40D1-B87A-A8C55F2A0D71}"
EndProject
Project("{FAE04EC0-301F-11D3-BF4B-00C04F79EFBC}") = "XUnitTestProject1", "XUnitTestProject1\XUnitTestProject1.csproj", "{90D9E82B-9D8E-4056-9C63-A4530C56C0A4}"
EndProject
Global
	GlobalSection(SolutionConfigurationPlatforms) = preSolution
		Debug|Any CPU = Debug|Any CPU
		Release|Any CPU = Release|Any CPU
	EndGlobalSection
	GlobalSection(ProjectConfigurationPlatforms) = postSolution
		{22448650-42D4-40D1-B87A-A8C55F2A0D71}.Debug|Any CPU.ActiveCfg = Debug|Any CPU
		{22448650-42D4-40D1-B87A-A8C55F2A0D71}.Debug|Any CPU.Build.0 = Debug|Any CPU
		{22448650-42D4-40D1-B87A-A8C55F2A0D71}.Release|Any CPU.ActiveCfg = Release|Any CPU
		{22448650-42D4-40D1-B87A-A8C55F2A0D71}.Release|Any CPU.Build.0 = Release|Any CPU
		{90D9E82B-9D8E-4056-9C63-A4530C56C0A4}.Debug|Any CPU.ActiveCfg = Debug|Any CPU
		{90D9E82B-9D8E-4056-9C63-A4530C56C0A4}.Debug|Any CPU.Build.0 = Debug|Any CPU
		{90D9E82B-9D8E-4056-9C63-A4530C56C0A4}.Release|Any CPU.ActiveCfg = Release|Any CPU
		{90D9E82B-9D8E-4056-9C63-A4530C56C0A4}.Release|Any CPU.Build.0 = Release|Any CPU
	EndGlobalSection
	GlobalSection(SolutionProperties) = preSolution
		HideSolutionNode = FALSE
	EndGlobalSection
EndGlobal
