
Microsoft Visual Studio Solution File, Format Version 12.00
# Visual Studio 15
VisualStudioVersion = 15.0.26730.8
MinimumVisualStudioVersion = 10.0.40219.1
Project("{FAE04EC0-301F-11D3-BF4B-00C04F79EFBC}") = "NumberOfDivisions", "NumberOfDivisions\NumberOfDivisions.csproj", "{A1062F9C-6D25-4407-A0EE-B5A10810F5A1}"
EndProject
Global
	GlobalSection(SolutionConfigurationPlatforms) = preSolution
		Debug|Any CPU = Debug|Any CPU
		Release|Any CPU = Release|Any CPU
	EndGlobalSection
	GlobalSection(ProjectConfigurationPlatforms) = postSolution
		{A1062F9C-6D25-4407-A0EE-B5A10810F5A1}.Debug|Any CPU.ActiveCfg = Debug|Any CPU
		{A1062F9C-6D25-4407-A0EE-B5A10810F5A1}.Debug|Any CPU.Build.0 = Debug|Any CPU
		{A1062F9C-6D25-4407-A0EE-B5A10810F5A1}.Release|Any CPU.ActiveCfg = Release|Any CPU
		{A1062F9C-6D25-4407-A0EE-B5A10810F5A1}.Release|Any CPU.Build.0 = Release|Any CPU
	EndGlobalSection
	GlobalSection(SolutionProperties) = preSolution
		HideSolutionNode = FALSE
	EndGlobalSection
	GlobalSection(ExtensibilityGlobals) = postSolution
		SolutionGuid = {706B0788-26D6-4FF5-8F06-45A3E59660E1}
	EndGlobalSection
EndGlobal
